
Microsoft Visual Studio Solution File, Format Version 12.00
# Visual Studio Version 16
VisualStudioVersion = 16.0.31205.134
MinimumVisualStudioVersion = 10.0.40219.1
Project("{9A19103F-16F7-4668-BE54-9A1E7A4F7556}") = "IISAppPoolInfo.Console", "IISAppPoolInfo.Console\IISAppPoolInfo.Console.csproj", "{AD75D4C7-4042-4C1F-9D77-5818D348542C}"
EndProject
Project("{9A19103F-16F7-4668-BE54-9A1E7A4F7556}") = "IISAppPoolInfo.Implementations", "IISAppPoolInfo.Implementations\IISAppPoolInfo.Implementations.csproj", "{623EA17E-9E8C-46B8-AF97-7223ADD4518E}"
EndProject
Project("{9A19103F-16F7-4668-BE54-9A1E7A4F7556}") = "IISAppPoolInfo.Core", "IISAppPoolInfo.Core\IISAppPoolInfo.Core.csproj", "{00243838-5F1C-41F0-8867-392FBEE21929}"
EndProject
Project("{FAE04EC0-301F-11D3-BF4B-00C04F79EFBC}") = "IISAppPoolInfo.Forms", "IISAppPoolInfo.Forms\IISAppPoolInfo.Forms.csproj", "{73D6B944-1A2A-4D61-8600-7C24FD676179}"
EndProject
Global
	GlobalSection(SolutionConfigurationPlatforms) = preSolution
		Debug|Any CPU = Debug|Any CPU
		Release|Any CPU = Release|Any CPU
	EndGlobalSection
	GlobalSection(ProjectConfigurationPlatforms) = postSolution
		{AD75D4C7-4042-4C1F-9D77-5818D348542C}.Debug|Any CPU.ActiveCfg = Debug|Any CPU
		{AD75D4C7-4042-4C1F-9D77-5818D348542C}.Debug|Any CPU.Build.0 = Debug|Any CPU
		{AD75D4C7-4042-4C1F-9D77-5818D348542C}.Release|Any CPU.ActiveCfg = Release|Any CPU
		{AD75D4C7-4042-4C1F-9D77-5818D348542C}.Release|Any CPU.Build.0 = Release|Any CPU
		{623EA17E-9E8C-46B8-AF97-7223ADD4518E}.Debug|Any CPU.ActiveCfg = Debug|Any CPU
		{623EA17E-9E8C-46B8-AF97-7223ADD4518E}.Debug|Any CPU.Build.0 = Debug|Any CPU
		{623EA17E-9E8C-46B8-AF97-7223ADD4518E}.Release|Any CPU.ActiveCfg = Release|Any CPU
		{623EA17E-9E8C-46B8-AF97-7223ADD4518E}.Release|Any CPU.Build.0 = Release|Any CPU
		{00243838-5F1C-41F0-8867-392FBEE21929}.Debug|Any CPU.ActiveCfg = Debug|Any CPU
		{00243838-5F1C-41F0-8867-392FBEE21929}.Debug|Any CPU.Build.0 = Debug|Any CPU
		{00243838-5F1C-41F0-8867-392FBEE21929}.Release|Any CPU.ActiveCfg = Release|Any CPU
		{00243838-5F1C-41F0-8867-392FBEE21929}.Release|Any CPU.Build.0 = Release|Any CPU
		{73D6B944-1A2A-4D61-8600-7C24FD676179}.Debug|Any CPU.ActiveCfg = Debug|Any CPU
		{73D6B944-1A2A-4D61-8600-7C24FD676179}.Debug|Any CPU.Build.0 = Debug|Any CPU
		{73D6B944-1A2A-4D61-8600-7C24FD676179}.Release|Any CPU.ActiveCfg = Release|Any CPU
		{73D6B944-1A2A-4D61-8600-7C24FD676179}.Release|Any CPU.Build.0 = Release|Any CPU
	EndGlobalSection
	GlobalSection(SolutionProperties) = preSolution
		HideSolutionNode = FALSE
	EndGlobalSection
	GlobalSection(ExtensibilityGlobals) = postSolution
		SolutionGuid = {E0B7F199-2868-4523-95DE-3A96A82D7D0D}
	EndGlobalSection
EndGlobal
